// !$*UTF8*$!
{
	archiveVersion = 1;
	classes = {
	};
	objectVersion = 56;
	objects = {

/* Begin PBXBuildFile section */
		A10001 /* StarListApp.swift in Sources */ = {isa = PBXBuildFile; fileRef = B10001; };
		A10002 /* GitHubModels.swift in Sources */ = {isa = PBXBuildFile; fileRef = B10002; };
		A10003 /* LLMModels.swift in Sources */ = {isa = PBXBuildFile; fileRef = B10003; };
		A10004 /* SettingsModels.swift in Sources */ = {isa = PBXBuildFile; fileRef = B10004; };
		A10005 /* AvatarCache.swift in Sources */ = {isa = PBXBuildFile; fileRef = B10005; };
		A10006 /* GitHubService.swift in Sources */ = {isa = PBXBuildFile; fileRef = B10006; };
		A10007 /* LLMService.swift in Sources */ = {isa = PBXBuildFile; fileRef = B10007; };
		A10008 /* NetworkManager.swift in Sources */ = {isa = PBXBuildFile; fileRef = B10008; };
		A10009 /* RepoCache.swift in Sources */ = {isa = PBXBuildFile; fileRef = B10009; };
		A10010 /* SettingsManager.swift in Sources */ = {isa = PBXBuildFile; fileRef = B10010; };
		A10011 /* StarListViewModel.swift in Sources */ = {isa = PBXBuildFile; fileRef = B10011; };
		A10012 /* RepoDetailViewModel.swift in Sources */ = {isa = PBXBuildFile; fileRef = B10012; };
		A10013 /* StarListView.swift in Sources */ = {isa = PBXBuildFile; fileRef = B10013; };
		A10014 /* RepoDetailView.swift in Sources */ = {isa = PBXBuildFile; fileRef = B10014; };
		A10015 /* SettingsView.swift in Sources */ = {isa = PBXBuildFile; fileRef = B10015; };
		A10016 /* TransparentTheme.swift in Sources */ = {isa = PBXBuildFile; fileRef = B10016; };
		A10017 /* Assets.xcassets in Resources */ = {isa = PBXBuildFile; fileRef = B10017; };
		A10018 /* MarkdownUI in Frameworks */ = {isa = PBXBuildFile; productRef = B10018; };
/* End PBXBuildFile section */

/* Begin PBXContainerItemProxy section */
		X10001 /* PBXContainerItemProxy */ = {
			isa = PBXContainerItemProxy;
			containerPortal = F10002;
			proxyType = 1;
			remoteGlobalIDIndex = 0;
			remoteInfo = SwiftStarList;
		};
/* End PBXContainerItemProxy section */

/* Begin PBXFileReference section */
		C10001 /* SwiftStarList.app */ = {isa = PBXFileReference; explicitFileType = wrapper.application; includeInIndex = 0; path = SwiftStarList.app; sourceTree = BUILT_PRODUCTS_DIR; };
		B10001 /* StarListApp.swift */ = {isa = PBXFileReference; lastKnownFileType = sourcecode.swift; path = StarListApp.swift; sourceTree = "<group>"; };
		B10002 /* GitHubModels.swift */ = {isa = PBXFileReference; lastKnownFileType = sourcecode.swift; path = GitHubModels.swift; sourceTree = "<group>"; };
		B10003 /* LLMModels.swift */ = {isa = PBXFileReference; lastKnownFileType = sourcecode.swift; path = LLMModels.swift; sourceTree = "<group>"; };
		B10004 /* SettingsModels.swift */ = {isa = PBXFileReference; lastKnownFileType = sourcecode.swift; path = SettingsModels.swift; sourceTree = "<group>"; };
		B10005 /* AvatarCache.swift */ = {isa = PBXFileReference; lastKnownFileType = sourcecode.swift; path = AvatarCache.swift; sourceTree = "<group>"; };
		B10006 /* GitHubService.swift */ = {isa = PBXFileReference; lastKnownFileType = sourcecode.swift; path = GitHubService.swift; sourceTree = "<group>"; };
		B10007 /* LLMService.swift */ = {isa = PBXFileReference; lastKnownFileType = sourcecode.swift; path = LLMService.swift; sourceTree = "<group>"; };
		B10008 /* NetworkManager.swift */ = {isa = PBXFileReference; lastKnownFileType = sourcecode.swift; path = NetworkManager.swift; sourceTree = "<group>"; };
		B10009 /* RepoCache.swift */ = {isa = PBXFileReference; lastKnownFileType = sourcecode.swift; path = RepoCache.swift; sourceTree = "<group>"; };
		B10010 /* SettingsManager.swift */ = {isa = PBXFileReference; lastKnownFileType = sourcecode.swift; path = SettingsManager.swift; sourceTree = "<group>"; };
		B10011 /* StarListViewModel.swift */ = {isa = PBXFileReference; lastKnownFileType = sourcecode.swift; path = StarListViewModel.swift; sourceTree = "<group>"; };
		B10012 /* RepoDetailViewModel.swift */ = {isa = PBXFileReference; lastKnownFileType = sourcecode.swift; path = RepoDetailViewModel.swift; sourceTree = "<group>"; };
		B10013 /* StarListView.swift */ = {isa = PBXFileReference; lastKnownFileType = sourcecode.swift; path = StarListView.swift; sourceTree = "<group>"; };
		B10014 /* RepoDetailView.swift */ = {isa = PBXFileReference; lastKnownFileType = sourcecode.swift; path = RepoDetailView.swift; sourceTree = "<group>"; };
		B10015 /* SettingsView.swift */ = {isa = PBXFileReference; lastKnownFileType = sourcecode.swift; path = SettingsView.swift; sourceTree = "<group>"; };
		B10016 /* TransparentTheme.swift */ = {isa = PBXFileReference; lastKnownFileType = sourcecode.swift; path = TransparentTheme.swift; sourceTree = "<group>"; };
		B10017 /* Assets.xcassets */ = {isa = PBXFileReference; lastKnownFileType = folder.assetcatalog; path = Assets.xcassets; sourceTree = "<group>"; };
/* End PBXFileReference section */

/* Begin PBXFrameworksBuildPhase section */
		D10001 /* Frameworks */ = {
			isa = PBXFrameworksBuildPhase;
			buildActionMask = 2147483647;
			files = (
				A10018 /* MarkdownUI in Frameworks */,
			);
			runOnlyForDeploymentPostprocessing = 0;
		};
/* End PBXFrameworksBuildPhase section */

/* Begin PBXGroup section */
		E10001 = {
			isa = PBXGroup;
			children = (
				E10002 /* SwiftStarList */,
				E10099 /* Products */,
			);
			sourceTree = "<group>";
		};
		E10099 /* Products */ = {
			isa = PBXGroup;
			children = (
				C10001 /* SwiftStarList.app */,
			);
			name = Products;
			sourceTree = "<group>";
		};
		E10002 /* SwiftStarList */ = {
			isa = PBXGroup;
			children = (
				B10001 /* StarListApp.swift */,
				B10017 /* Assets.xcassets */,
				E10010 /* Models */,
				E10011 /* Services */,
				E10012 /* ViewModels */,
				E10013 /* Views */,
			);
			path = SwiftStarList;
			sourceTree = "<group>";
		};
		E10010 /* Models */ = {
			isa = PBXGroup;
			children = (
				B10002 /* GitHubModels.swift */,
				B10003 /* LLMModels.swift */,
				B10004 /* SettingsModels.swift */,
			);
			path = Models;
			sourceTree = "<group>";
		};
		E10011 /* Services */ = {
			isa = PBXGroup;
			children = (
				B10005 /* AvatarCache.swift */,
				B10006 /* GitHubService.swift */,
				B10007 /* LLMService.swift */,
				B10008 /* NetworkManager.swift */,
				B10009 /* RepoCache.swift */,
				B10010 /* SettingsManager.swift */,
			);
			path = Services;
			sourceTree = "<group>";
		};
		E10012 /* ViewModels */ = {
			isa = PBXGroup;
			children = (
				B10011 /* StarListViewModel.swift */,
				B10012 /* RepoDetailViewModel.swift */,
			);
			path = ViewModels;
			sourceTree = "<group>";
		};
		E10013 /* Views */ = {
			isa = PBXGroup;
			children = (
				B10013 /* StarListView.swift */,
				B10014 /* RepoDetailView.swift */,
				B10015 /* SettingsView.swift */,
				B10016 /* TransparentTheme.swift */,
			);
			path = Views;
			sourceTree = "<group>";
		};
/* End PBXGroup section */

/* Begin PBXNativeTarget section */
		F10001 /* SwiftStarList */ = {
			isa = PBXNativeTarget;
			buildConfigurationList = G10003 /* Build configuration list for PBXNativeTarget "SwiftStarList" */;
			buildPhases = (
				D10002 /* Sources */,
				D10003 /* Resources */,
				D10001 /* Frameworks */,
			);
			buildRules = (
			);
			dependencies = (
			);
			name = SwiftStarList;
			packageProductDependencies = (
				B10018 /* MarkdownUI */,
			);
			productName = SwiftStarList;
			productReference = C10001 /* SwiftStarList.app */;
			productType = "com.apple.product-type.application";
		};
/* End PBXNativeTarget section */

/* Begin PBXProject section */
		F10002 /* Project object */ = {
			isa = PBXProject;
			attributes = {
				BuildIndependentTargetsInParallel = 1;
				LastSwiftUpdateCheck = 1500;
				LastUpgradeCheck = 1500;
				TargetAttributes = {
					F10001 = {
						CreatedOnToolsVersion = 15.0;
					};
				};
			};
			buildConfigurationList = G10001 /* Build configuration list for PBXProject "SwiftStarList" */;
			compatibilityVersion = "Xcode 14.0";
			developmentRegion = en;
			hasScannedForEncodings = 0;
			knownRegions = (
				en,
				Base,
				"zh-Hans",
			);
			mainGroup = E10001;
			packageReferences = (
				B10019 /* XCRemoteSwiftPackageReference "swift-markdown-ui" */,
			);
			productRefGroup = E10099 /* Products */;
			projectDirPath = "";
			projectRoot = "";
			targets = (
				F10001 /* SwiftStarList */,
			);
		};
/* End PBXProject section */

/* Begin PBXResourcesBuildPhase section */
		D10003 /* Resources */ = {
			isa = PBXResourcesBuildPhase;
			buildActionMask = 2147483647;
			files = (
				A10017 /* Assets.xcassets in Resources */,
			);
			runOnlyForDeploymentPostprocessing = 0;
		};
/* End PBXResourcesBuildPhase section */

/* Begin PBXSourcesBuildPhase section */
		D10002 /* Sources */ = {
			isa = PBXSourcesBuildPhase;
			buildActionMask = 2147483647;
			files = (
				A10001 /* StarListApp.swift in Sources */,
				A10002 /* GitHubModels.swift in Sources */,
				A10003 /* LLMModels.swift in Sources */,
				A10004 /* SettingsModels.swift in Sources */,
				A10005 /* AvatarCache.swift in Sources */,
				A10006 /* GitHubService.swift in Sources */,
				A10007 /* LLMService.swift in Sources */,
				A10008 /* NetworkManager.swift in Sources */,
				A10009 /* RepoCache.swift in Sources */,
				A10010 /* SettingsManager.swift in Sources */,
				A10011 /* StarListViewModel.swift in Sources */,
				A10012 /* RepoDetailViewModel.swift in Sources */,
				A10013 /* StarListView.swift in Sources */,
				A10014 /* RepoDetailView.swift in Sources */,
				A10015 /* SettingsView.swift in Sources */,
				A10016 /* TransparentTheme.swift in Sources */,
			);
			runOnlyForDeploymentPostprocessing = 0;
		};
/* End PBXSourcesBuildPhase section */

/* Begin PBXTargetDependency section */
		X10002 /* PBXTargetDependency */ = {
			isa = PBXTargetDependency;
			productRef = B10018 /* MarkdownUI */;
			target = F10001 /* SwiftStarList */;
		};
/* End PBXTargetDependency section */

/* Begin XCBuildConfiguration section */
		H10001 /* Debug */ = {
			isa = XCBuildConfiguration;
			buildSettings = {
				ALWAYS_SEARCH_USER_PATHS = NO;
				ASSETCATALOG_COMPILER_GENERATE_SWIFT_ASSET_SYMBOL_EXTENSIONS = YES;
				CLANG_ANALYZER_NONNULL = YES;
				CLANG_ANALYZER_NUMBER_OBJECT_CONVERSION = YES_AGGRESSIVE;
				CLANG_CXX_LANGUAGE_STANDARD = "gnu++20";
				CLANG_ENABLE_MODULES = YES;
				CLANG_ENABLE_OBJC_ARC = YES;
				CLANG_ENABLE_OBJC_WEAK = YES;
				CLANG_WARN_BLOCK_CAPTURE_AUTORELEASING = YES;
				CLANG_WARN_BOOL_CONVERSION = YES;
				CLANG_WARN_COMMA = YES;
				CLANG_WARN_CONSTANT_CONVERSION = YES;
				CLANG_WARN_DEPRECATED_OBJC_IMPLEMENTATIONS = YES;
				CLANG_WARN_DIRECT_OBJC_ISA_USAGE = YES_ERROR;
				CLANG_WARN_DOCUMENTATION_COMMENTS = YES;
				CLANG_WARN_EMPTY_BODY = YES;
				CLANG_WARN_ENUM_CONVERSION = YES;
				CLANG_WARN_INFINITE_RECURSION = YES;
				CLANG_WARN_INT_CONVERSION = YES;
				CLANG_WARN_NON_LITERAL_NULL_CONVERSION = YES;
				CLANG_WARN_OBJC_IMPLICIT_RETAIN_SELF = YES;
				CLANG_WARN_OBJC_LITERAL_CONVERSION = YES;
				CLANG_WARN_OBJC_ROOT_CLASS = YES_ERROR;
				CLANG_WARN_QUOTED_INCLUDE_IN_FRAMEWORK_HEADER = YES;
				CLANG_WARN_RANGE_LOOP_ANALYSIS = YES;
				CLANG_WARN_STRICT_PROTOTYPES = YES;
				CLANG_WARN_SUSPICIOUS_MOVE = YES;
				CLANG_WARN_UNGUARDED_AVAILABILITY = YES_AGGRESSIVE;
				CLANG_WARN_UNREACHABLE_CODE = YES;
				CLANG_WARN_XPC_EXTENSIONS = YES;
				COPY_PHASE_STRIP = NO;
				DEBUG_INFORMATION_FORMAT = dwarf;
				ENABLE_STRICT_OBJC_MSGSEND = YES;
				ENABLE_TESTABILITY = YES;
				ENABLE_USER_SCRIPT_SANDBOXING = YES;
				GCC_C_LANGUAGE_STANDARD = gnu17;
				GCC_DYNAMIC_NO_PIC = NO;
				GCC_NO_COMMON_BLOCKS = YES;
				GCC_OPTIMIZATION_LEVEL = 0;
				GCC_PREPROCESSOR_DEFINITIONS = (
					"DEBUG=1",
					"$(inherited)",
				);
				GCC_WARN_64_TO_32_BIT_CONVERSION = YES;
				GCC_WARN_ABOUT_RETURN_TYPE = YES_ERROR;
				GCC_WARN_UNDECLARED_SELECTOR = YES;
				GCC_WARN_UNINITIALIZED_AUTOS = YES_AGGRESSIVE;
				GCC_WARN_UNUSED_FUNCTION = YES;
				GCC_WARN_UNUSED_VARIABLE = YES;
				MACOSX_DEPLOYMENT_TARGET = 14.0;
				MTL_ENABLE_DEBUG_INFO = INCLUDE_SOURCE;
				MTL_FAST_MATH = YES;
				ONLY_ACTIVE_ARCH = YES;
				SDKROOT = macosx;
				SWIFT_ACTIVE_COMPILATION_CONDITIONS = "DEBUG $(inherited)";
				SWIFT_OPTIMIZATION_LEVEL = "-Onone";
			};
			name = Debug;
		};
		H10002 /* Release */ = {
			isa = XCBuildConfiguration;
			buildSettings = {
				ALWAYS_SEARCH_USER_PATHS = NO;
				ASSETCATALOG_COMPILER_GENERATE_SWIFT_ASSET_SYMBOL_EXTENSIONS = YES;
				CLANG_ANALYZER_NONNULL = YES;
				CLANG_ANALYZER_NUMBER_OBJECT_CONVERSION = YES_AGGRESSIVE;
				CLANG_CXX_LANGUAGE_STANDARD = "gnu++20";
				CLANG_ENABLE_MODULES = YES;
				CLANG_ENABLE_OBJC_ARC = YES;
				CLANG_ENABLE_OBJC_WEAK = YES;
				CLANG_WARN_BLOCK_CAPTURE_AUTORELEASING = YES;
				CLANG_WARN_BOOL_CONVERSION = YES;
				CLANG_WARN_COMMA = YES;
				CLANG_WARN_CONSTANT_CONVERSION = YES;
				CLANG_WARN_DEPRECATED_OBJC_IMPLEMENTATIONS = YES;
				CLANG_WARN_DIRECT_OBJC_ISA_USAGE = YES_ERROR;
				CLANG_WARN_DOCUMENTATION_COMMENTS = YES;
				CLANG_WARN_EMPTY_BODY = YES;
				CLANG_WARN_ENUM_CONVERSION = YES;
				CLANG_WARN_INFINITE_RECURSION = YES;
				CLANG_WARN_INT_CONVERSION = YES;
				CLANG_WARN_NON_LITERAL_NULL_CONVERSION = YES;
				CLANG_WARN_OBJC_IMPLICIT_RETAIN_SELF = YES;
				CLANG_WARN_OBJC_LITERAL_CONVERSION = YES;
				CLANG_WARN_OBJC_ROOT_CLASS = YES_ERROR;
				CLANG_WARN_QUOTED_INCLUDE_IN_FRAMEWORK_HEADER = YES;
				CLANG_WARN_RANGE_LOOP_ANALYSIS = YES;
				CLANG_WARN_STRICT_PROTOTYPES = YES;
				CLANG_WARN_SUSPICIOUS_MOVE = YES;
				CLANG_WARN_UNGUARDED_AVAILABILITY = YES_AGGRESSIVE;
				CLANG_WARN_UNREACHABLE_CODE = YES;
				CLANG_WARN_XPC_EXTENSIONS = YES;
				COPY_PHASE_STRIP = NO;
				DEBUG_INFORMATION_FORMAT = "dwarf-with-dsym";
				ENABLE_NS_ASSERTIONS = NO;
				ENABLE_STRICT_OBJC_MSGSEND = YES;
				ENABLE_USER_SCRIPT_SANDBOXING = YES;
				GCC_C_LANGUAGE_STANDARD = gnu17;
				GCC_NO_COMMON_BLOCKS = YES;
				GCC_WARN_64_TO_32_BIT_CONVERSION = YES;
				GCC_WARN_ABOUT_RETURN_TYPE = YES_ERROR;
				GCC_WARN_UNDECLARED_SELECTOR = YES;
				GCC_WARN_UNINITIALIZED_AUTOS = YES_AGGRESSIVE;
				GCC_WARN_UNUSED_FUNCTION = YES;
				GCC_WARN_UNUSED_VARIABLE = YES;
				MACOSX_DEPLOYMENT_TARGET = 14.0;
				MTL_FAST_MATH = YES;
				SDKROOT = macosx;
				SWIFT_COMPILATION_MODE = wholemodule;
				SWIFT_OPTIMIZATION_LEVEL = "-O";
			};
			name = Release;
		};
		H10003 /* Debug */ = {
			isa = XCBuildConfiguration;
			buildSettings = {
				ASSETCATALOG_COMPILER_APPICON_NAME = AppIcon;
				ASSETCATALOG_COMPILER_GLOBAL_ACCENT_COLOR_NAME = AccentColor;
				CODE_SIGN_ENTITLEMENTS = SwiftStarList/SwiftStarList.entitlements;
				CODE_SIGN_STYLE = Automatic;
				COMBINE_HIDPI_IMAGES = YES;
				CURRENT_PROJECT_VERSION = 1;
				DEVELOPMENT_TEAM = "";
				ENABLE_HARDENED_RUNTIME = YES;
				ENABLE_PREVIEWS = YES;
				GENERATE_INFOPLIST_FILE = YES;
				INFOPLIST_KEY_CFBundleDisplayName = "Github Star List";
				INFOPLIST_KEY_LSApplicationCategoryType = "public.app-category.developer-tools";
				INFOPLIST_KEY_NSHumanReadableCopyright = "";
				LD_RUNPATH_SEARCH_PATHS = (
					"$(inherited)",
					"@executable_path/../Frameworks",
				);
				MARKETING_VERSION = 1.0;
				PRODUCT_BUNDLE_IDENTIFIER = com.swiftstarlist.app;
				PRODUCT_NAME = "$(TARGET_NAME)";
				SWIFT_EMIT_LOC_STRINGS = YES;
				SWIFT_VERSION = 5.0;
			};
			name = Debug;
		};
		H10004 /* Release */ = {
			isa = XCBuildConfiguration;
			buildSettings = {
				ASSETCATALOG_COMPILER_APPICON_NAME = AppIcon;
				ASSETCATALOG_COMPILER_GLOBAL_ACCENT_COLOR_NAME = AccentColor;
				CODE_SIGN_ENTITLEMENTS = SwiftStarList/SwiftStarList.entitlements;
				CODE_SIGN_STYLE = Automatic;
				COMBINE_HIDPI_IMAGES = YES;
				CURRENT_PROJECT_VERSION = 1;
				DEVELOPMENT_TEAM = "";
				ENABLE_HARDENED_RUNTIME = YES;
				ENABLE_PREVIEWS = YES;
				GENERATE_INFOPLIST_FILE = YES;
				INFOPLIST_KEY_CFBundleDisplayName = "Github Star List";
				INFOPLIST_KEY_LSApplicationCategoryType = "public.app-category.developer-tools";
				INFOPLIST_KEY_NSHumanReadableCopyright = "";
				LD_RUNPATH_SEARCH_PATHS = (
					"$(inherited)",
					"@executable_path/../Frameworks",
				);
				MARKETING_VERSION = 1.0;
				PRODUCT_BUNDLE_IDENTIFIER = com.swiftstarlist.app;
				PRODUCT_NAME = "$(TARGET_NAME)";
				SWIFT_EMIT_LOC_STRINGS = YES;
				SWIFT_VERSION = 5.0;
			};
			name = Release;
		};
/* End XCBuildConfiguration section */

/* Begin XCConfigurationList section */
		G10001 /* Build configuration list for PBXProject "SwiftStarList" */ = {
			isa = XCConfigurationList;
			buildConfigurations = (
				H10001 /* Debug */,
				H10002 /* Release */,
			);
			defaultConfigurationIsVisible = 0;
			defaultConfigurationName = Release;
		};
		G10003 /* Build configuration list for PBXNativeTarget "SwiftStarList" */ = {
			isa = XCConfigurationList;
			buildConfigurations = (
				H10003 /* Debug */,
				H10004 /* Release */,
			);
			defaultConfigurationIsVisible = 0;
			defaultConfigurationName = Release;
		};
/* End XCConfigurationList section */

/* Begin XCRemoteSwiftPackageReference section */
		B10019 /* XCRemoteSwiftPackageReference "swift-markdown-ui" */ = {
			isa = XCRemoteSwiftPackageReference;
			repositoryURL = "https://github.com/gonzalezreal/swift-markdown-ui";
			requirement = {
				kind = upToNextMajorVersion;
				minimumVersion = 2.2.0;
			};
		};
/* End XCRemoteSwiftPackageReference section */

/* Begin XCSwiftPackageProductDependency section */
		B10018 /* MarkdownUI */ = {
			isa = XCSwiftPackageProductDependency;
			package = B10019 /* XCRemoteSwiftPackageReference "swift-markdown-ui" */;
			productName = MarkdownUI;
		};
/* End XCSwiftPackageProductDependency section */
	};
	rootObject = F10002 /* Project object */;
}
